
Microsoft Visual Studio Solution File, Format Version 12.00
# Visual Studio 15
VisualStudioVersion = 15.0.27428.2043
MinimumVisualStudioVersion = 10.0.40219.1
Project("{FAE04EC0-301F-11D3-BF4B-00C04F79EFBC}") = "APR_dz4", "APR_dz4\APR_dz4.csproj", "{55433D98-721E-4190-ABDF-8AA8D7204C57}"
EndProject
Global
	GlobalSection(SolutionConfigurationPlatforms) = preSolution
		Debug|Any CPU = Debug|Any CPU
		Release|Any CPU = Release|Any CPU
	EndGlobalSection
	GlobalSection(ProjectConfigurationPlatforms) = postSolution
		{55433D98-721E-4190-ABDF-8AA8D7204C57}.Debug|Any CPU.ActiveCfg = Debug|Any CPU
		{55433D98-721E-4190-ABDF-8AA8D7204C57}.Debug|Any CPU.Build.0 = Debug|Any CPU
		{55433D98-721E-4190-ABDF-8AA8D7204C57}.Release|Any CPU.ActiveCfg = Release|Any CPU
		{55433D98-721E-4190-ABDF-8AA8D7204C57}.Release|Any CPU.Build.0 = Release|Any CPU
	EndGlobalSection
	GlobalSection(SolutionProperties) = preSolution
		HideSolutionNode = FALSE
	EndGlobalSection
	GlobalSection(ExtensibilityGlobals) = postSolution
		SolutionGuid = {3E8D5FB9-7C03-4098-A0BC-4CEA78647C7D}
	EndGlobalSection
EndGlobal
